
Microsoft Visual Studio Solution File, Format Version 12.00
# Visual Studio Version 17
VisualStudioVersion = 17.3.32714.290
MinimumVisualStudioVersion = 10.0.40219.1
Project("{9A19103F-16F7-4668-BE54-9A1E7A4F7556}") = "TaskDragNDropBlazor", "TaskDragNDropBlazor.csproj", "{18F0395F-23AE-4230-B111-1C5CC84035D4}"
EndProject
Global
	GlobalSection(SolutionConfigurationPlatforms) = preSolution
		Debug|Any CPU = Debug|Any CPU
		Release|Any CPU = Release|Any CPU
	EndGlobalSection
	GlobalSection(ProjectConfigurationPlatforms) = postSolution
		{18F0395F-23AE-4230-B111-1C5CC84035D4}.Debug|Any CPU.ActiveCfg = Debug|Any CPU
		{18F0395F-23AE-4230-B111-1C5CC84035D4}.Debug|Any CPU.Build.0 = Debug|Any CPU
		{18F0395F-23AE-4230-B111-1C5CC84035D4}.Release|Any CPU.ActiveCfg = Release|Any CPU
		{18F0395F-23AE-4230-B111-1C5CC84035D4}.Release|Any CPU.Build.0 = Release|Any CPU
	EndGlobalSection
	GlobalSection(SolutionProperties) = preSolution
		HideSolutionNode = FALSE
	EndGlobalSection
	GlobalSection(ExtensibilityGlobals) = postSolution
		SolutionGuid = {9DC63210-B7D0-449A-AD20-514448D3C0FC}
	EndGlobalSection
EndGlobal
